
Microsoft Visual Studio Solution File, Format Version 12.00
# Visual Studio Version 16
VisualStudioVersion = 16.0.33927.289
MinimumVisualStudioVersion = 10.0.40219.1
Project("{9A19103F-16F7-4668-BE54-9A1E7A4F7556}") = "InterfacesEdu", "InterfacesEdu\InterfacesEdu.csproj", "{166E7073-958A-4D64-8A18-C8D37B01F220}"
EndProject
Project("{9A19103F-16F7-4668-BE54-9A1E7A4F7556}") = "ExplicitInterface", "ExplicitInterface\ExplicitInterface.csproj", "{FCD4DC4A-6D0A-437D-8C1B-89B93EB5AD2D}"
EndProject
Project("{9A19103F-16F7-4668-BE54-9A1E7A4F7556}") = "ImplicitInterface", "ImplicitInterface\ImplicitInterface.csproj", "{EA61C858-CB61-4E75-9845-9B600533DDB4}"
EndProject
Project("{FAE04EC0-301F-11D3-BF4B-00C04F79EFBC}") = "MultiplyInterfaces1", "MultiplyInterfaces1\MultiplyInterfaces1.csproj", "{5A5228C7-C3A3-4E68-94FF-985E7BF07773}"
EndProject
Global
	GlobalSection(SolutionConfigurationPlatforms) = preSolution
		Debug|Any CPU = Debug|Any CPU
		Release|Any CPU = Release|Any CPU
	EndGlobalSection
	GlobalSection(ProjectConfigurationPlatforms) = postSolution
		{166E7073-958A-4D64-8A18-C8D37B01F220}.Debug|Any CPU.ActiveCfg = Debug|Any CPU
		{166E7073-958A-4D64-8A18-C8D37B01F220}.Debug|Any CPU.Build.0 = Debug|Any CPU
		{166E7073-958A-4D64-8A18-C8D37B01F220}.Release|Any CPU.ActiveCfg = Release|Any CPU
		{166E7073-958A-4D64-8A18-C8D37B01F220}.Release|Any CPU.Build.0 = Release|Any CPU
		{FCD4DC4A-6D0A-437D-8C1B-89B93EB5AD2D}.Debug|Any CPU.ActiveCfg = Debug|Any CPU
		{FCD4DC4A-6D0A-437D-8C1B-89B93EB5AD2D}.Debug|Any CPU.Build.0 = Debug|Any CPU
		{FCD4DC4A-6D0A-437D-8C1B-89B93EB5AD2D}.Release|Any CPU.ActiveCfg = Release|Any CPU
		{FCD4DC4A-6D0A-437D-8C1B-89B93EB5AD2D}.Release|Any CPU.Build.0 = Release|Any CPU
		{EA61C858-CB61-4E75-9845-9B600533DDB4}.Debug|Any CPU.ActiveCfg = Debug|Any CPU
		{EA61C858-CB61-4E75-9845-9B600533DDB4}.Debug|Any CPU.Build.0 = Debug|Any CPU
		{EA61C858-CB61-4E75-9845-9B600533DDB4}.Release|Any CPU.ActiveCfg = Release|Any CPU
		{EA61C858-CB61-4E75-9845-9B600533DDB4}.Release|Any CPU.Build.0 = Release|Any CPU
		{5A5228C7-C3A3-4E68-94FF-985E7BF07773}.Debug|Any CPU.ActiveCfg = Debug|Any CPU
		{5A5228C7-C3A3-4E68-94FF-985E7BF07773}.Debug|Any CPU.Build.0 = Debug|Any CPU
		{5A5228C7-C3A3-4E68-94FF-985E7BF07773}.Release|Any CPU.ActiveCfg = Release|Any CPU
		{5A5228C7-C3A3-4E68-94FF-985E7BF07773}.Release|Any CPU.Build.0 = Release|Any CPU
	EndGlobalSection
	GlobalSection(SolutionProperties) = preSolution
		HideSolutionNode = FALSE
	EndGlobalSection
	GlobalSection(ExtensibilityGlobals) = postSolution
		SolutionGuid = {DB3AB22D-0FA1-44D1-95BA-047138D6A91F}
	EndGlobalSection
EndGlobal
